
Microsoft Visual Studio Solution File, Format Version 12.00
# Visual Studio Version 17
VisualStudioVersion = 17.3.32901.215
MinimumVisualStudioVersion = 10.0.40219.1
Project("{FAE04EC0-301F-11D3-BF4B-00C04F79EFBC}") = "ClientApp", "ClientApp\ClientApp.csproj", "{1263058E-350A-43A5-AEC6-2EFD96B6E889}"
EndProject
Global
	GlobalSection(SolutionConfigurationPlatforms) = preSolution
		Debug|Any CPU = Debug|Any CPU
		Release|Any CPU = Release|Any CPU
	EndGlobalSection
	GlobalSection(ProjectConfigurationPlatforms) = postSolution
		{1263058E-350A-43A5-AEC6-2EFD96B6E889}.Debug|Any CPU.ActiveCfg = Debug|Any CPU
		{1263058E-350A-43A5-AEC6-2EFD96B6E889}.Debug|Any CPU.Build.0 = Debug|Any CPU
		{1263058E-350A-43A5-AEC6-2EFD96B6E889}.Release|Any CPU.ActiveCfg = Release|Any CPU
		{1263058E-350A-43A5-AEC6-2EFD96B6E889}.Release|Any CPU.Build.0 = Release|Any CPU
	EndGlobalSection
	GlobalSection(SolutionProperties) = preSolution
		HideSolutionNode = FALSE
	EndGlobalSection
	GlobalSection(ExtensibilityGlobals) = postSolution
		SolutionGuid = {E00A17D9-1880-4C28-9A09-3B6CB232DFC6}
	EndGlobalSection
EndGlobal
